
Microsoft Visual Studio Solution File, Format Version 12.00
# Visual Studio Version 16
VisualStudioVersion = 16.0.31515.178
MinimumVisualStudioVersion = 10.0.40219.1
Project("{9A19103F-16F7-4668-BE54-9A1E7A4F7556}") = "Adapter", "Adapter\Adapter.csproj", "{E8353E5B-B841-4A72-8F14-D1D0C9E3D9F2}"
EndProject
Project("{9A19103F-16F7-4668-BE54-9A1E7A4F7556}") = "Bridge", "Bridge\Bridge.csproj", "{BEEBF23C-7654-4EF1-A51A-18FE191F13A9}"
EndProject
Project("{9A19103F-16F7-4668-BE54-9A1E7A4F7556}") = "Composite", "Composite\Composite.csproj", "{D7649953-5103-4958-AAEE-6128DC457FE9}"
EndProject
Project("{9A19103F-16F7-4668-BE54-9A1E7A4F7556}") = "Decorator", "Decorator\Decorator.csproj", "{0EEE4F7C-29ED-4F4B-9F1F-BD8C487CE72C}"
EndProject
Global
	GlobalSection(SolutionConfigurationPlatforms) = preSolution
		Debug|Any CPU = Debug|Any CPU
		Release|Any CPU = Release|Any CPU
	EndGlobalSection
	GlobalSection(ProjectConfigurationPlatforms) = postSolution
		{E8353E5B-B841-4A72-8F14-D1D0C9E3D9F2}.Debug|Any CPU.ActiveCfg = Debug|Any CPU
		{E8353E5B-B841-4A72-8F14-D1D0C9E3D9F2}.Debug|Any CPU.Build.0 = Debug|Any CPU
		{E8353E5B-B841-4A72-8F14-D1D0C9E3D9F2}.Release|Any CPU.ActiveCfg = Release|Any CPU
		{E8353E5B-B841-4A72-8F14-D1D0C9E3D9F2}.Release|Any CPU.Build.0 = Release|Any CPU
		{BEEBF23C-7654-4EF1-A51A-18FE191F13A9}.Debug|Any CPU.ActiveCfg = Debug|Any CPU
		{BEEBF23C-7654-4EF1-A51A-18FE191F13A9}.Debug|Any CPU.Build.0 = Debug|Any CPU
		{BEEBF23C-7654-4EF1-A51A-18FE191F13A9}.Release|Any CPU.ActiveCfg = Release|Any CPU
		{BEEBF23C-7654-4EF1-A51A-18FE191F13A9}.Release|Any CPU.Build.0 = Release|Any CPU
		{D7649953-5103-4958-AAEE-6128DC457FE9}.Debug|Any CPU.ActiveCfg = Debug|Any CPU
		{D7649953-5103-4958-AAEE-6128DC457FE9}.Debug|Any CPU.Build.0 = Debug|Any CPU
		{D7649953-5103-4958-AAEE-6128DC457FE9}.Release|Any CPU.ActiveCfg = Release|Any CPU
		{D7649953-5103-4958-AAEE-6128DC457FE9}.Release|Any CPU.Build.0 = Release|Any CPU
		{0EEE4F7C-29ED-4F4B-9F1F-BD8C487CE72C}.Debug|Any CPU.ActiveCfg = Debug|Any CPU
		{0EEE4F7C-29ED-4F4B-9F1F-BD8C487CE72C}.Debug|Any CPU.Build.0 = Debug|Any CPU
		{0EEE4F7C-29ED-4F4B-9F1F-BD8C487CE72C}.Release|Any CPU.ActiveCfg = Release|Any CPU
		{0EEE4F7C-29ED-4F4B-9F1F-BD8C487CE72C}.Release|Any CPU.Build.0 = Release|Any CPU
	EndGlobalSection
	GlobalSection(SolutionProperties) = preSolution
		HideSolutionNode = FALSE
	EndGlobalSection
	GlobalSection(ExtensibilityGlobals) = postSolution
		SolutionGuid = {CA61FDE6-65ED-489D-AF67-F412D48FE26A}
	EndGlobalSection
EndGlobal
